{
  "name": "ex5",
  "lockfileVersion": 2,
  "requires": true,
  "packages": {
    "": {
      "dependencies": {
        "module6": "github:sivamudusu/section6"
      }
    },
    "node_modules/module6": {
      "version": "1.0.0",
      "resolved": "git+ssh://git@github.com/sivamudusu/section6.git#b1bbebc031e603edbb7e06041cfd9d043fb3292b",
      "license": "ISC"
    }
  },
  "dependencies": {
    "module6": {
      "version": "git+ssh://git@github.com/sivamudusu/section6.git#b1bbebc031e603edbb7e06041cfd9d043fb3292b",
      "from": "module6@https://github.com/sivamudusu/section6.git"
    }
  }
}
